
Microsoft Visual Studio Solution File, Format Version 12.00
# Visual Studio 15
VisualStudioVersion = 15.0.27703.2042
MinimumVisualStudioVersion = 10.0.40219.1
Project("{9A19103F-16F7-4668-BE54-9A1E7A4F7556}") = "RestauranteAPI.WebAPI", "RestauranteAPI.WebAPI\RestauranteAPI.WebAPI.csproj", "{8AFC751D-C92F-4D4A-8930-B41FE43506DA}"
EndProject
Project("{FAE04EC0-301F-11D3-BF4B-00C04F79EFBC}") = "RestauranteAPI.Domain", "RestauranteAPI.Domain\RestauranteAPI.Domain.csproj", "{6CDE1256-8775-4C2D-A572-73F2702F8D9F}"
EndProject
Global
	GlobalSection(SolutionConfigurationPlatforms) = preSolution
		Debug|Any CPU = Debug|Any CPU
		Release|Any CPU = Release|Any CPU
	EndGlobalSection
	GlobalSection(ProjectConfigurationPlatforms) = postSolution
		{8AFC751D-C92F-4D4A-8930-B41FE43506DA}.Debug|Any CPU.ActiveCfg = Debug|Any CPU
		{8AFC751D-C92F-4D4A-8930-B41FE43506DA}.Debug|Any CPU.Build.0 = Debug|Any CPU
		{8AFC751D-C92F-4D4A-8930-B41FE43506DA}.Release|Any CPU.ActiveCfg = Release|Any CPU
		{8AFC751D-C92F-4D4A-8930-B41FE43506DA}.Release|Any CPU.Build.0 = Release|Any CPU
		{6CDE1256-8775-4C2D-A572-73F2702F8D9F}.Debug|Any CPU.ActiveCfg = Debug|Any CPU
		{6CDE1256-8775-4C2D-A572-73F2702F8D9F}.Debug|Any CPU.Build.0 = Debug|Any CPU
		{6CDE1256-8775-4C2D-A572-73F2702F8D9F}.Release|Any CPU.ActiveCfg = Release|Any CPU
		{6CDE1256-8775-4C2D-A572-73F2702F8D9F}.Release|Any CPU.Build.0 = Release|Any CPU
	EndGlobalSection
	GlobalSection(SolutionProperties) = preSolution
		HideSolutionNode = FALSE
	EndGlobalSection
	GlobalSection(ExtensibilityGlobals) = postSolution
		SolutionGuid = {BB8E65CB-60CF-45EB-A583-1E7A52B48313}
	EndGlobalSection
EndGlobal
